
Microsoft Visual Studio Solution File, Format Version 12.00
# Visual Studio Version 17
VisualStudioVersion = 17.13.35931.197
MinimumVisualStudioVersion = 10.0.40219.1
Project("{FAE04EC0-301F-11D3-BF4B-00C04F79EFBC}") = "PlaywrightWithNUnit", "ConduitTest\PlaywrightWithNUnit.csproj", "{DFC61FAF-7F56-258B-CC0D-FB81909AC6BB}"
EndProject
Project("{2150E333-8FDC-42A3-9474-1A3956D46DE8}") = "Solution Items", "Solution Items", "{8EC462FD-D22E-90A8-E5CE-7E832BA40C5D}"
	ProjectSection(SolutionItems) = preProject
		.github\workflows\playwright.yml = .github\workflows\playwright.yml
	EndProjectSection
EndProject
Global
	GlobalSection(SolutionConfigurationPlatforms) = preSolution
		Debug|Any CPU = Debug|Any CPU
		Release|Any CPU = Release|Any CPU
	EndGlobalSection
	GlobalSection(ProjectConfigurationPlatforms) = postSolution
		{DFC61FAF-7F56-258B-CC0D-FB81909AC6BB}.Debug|Any CPU.ActiveCfg = Debug|Any CPU
		{DFC61FAF-7F56-258B-CC0D-FB81909AC6BB}.Debug|Any CPU.Build.0 = Debug|Any CPU
		{DFC61FAF-7F56-258B-CC0D-FB81909AC6BB}.Release|Any CPU.ActiveCfg = Release|Any CPU
		{DFC61FAF-7F56-258B-CC0D-FB81909AC6BB}.Release|Any CPU.Build.0 = Release|Any CPU
	EndGlobalSection
	GlobalSection(SolutionProperties) = preSolution
		HideSolutionNode = FALSE
	EndGlobalSection
	GlobalSection(ExtensibilityGlobals) = postSolution
		SolutionGuid = {419A576C-36DE-48AE-AA3F-4AC80FC4D6DD}
	EndGlobalSection
EndGlobal
