
Microsoft Visual Studio Solution File, Format Version 12.00
# Visual Studio Version 17
VisualStudioVersion = 17.13.35931.197
MinimumVisualStudioVersion = 10.0.40219.1
Project("{FAE04EC0-301F-11D3-BF4B-00C04F79EFBC}") = "PlaywrightWithNUnit", "ConduitTest\PlaywrightWithNUnit.csproj", "{DFC61FAF-7F56-258B-CC0D-FB81909AC6BB}"
EndProject
Global
	GlobalSection(SolutionConfigurationPlatforms) = preSolution
		Debug|Any CPU = Debug|Any CPU
		Release|Any CPU = Release|Any CPU
	EndGlobalSection
	GlobalSection(ProjectConfigurationPlatforms) = postSolution
		{DFC61FAF-7F56-258B-CC0D-FB81909AC6BB}.Debug|Any CPU.ActiveCfg = Debug|Any CPU
		{DFC61FAF-7F56-258B-CC0D-FB81909AC6BB}.Debug|Any CPU.Build.0 = Debug|Any CPU
		{DFC61FAF-7F56-258B-CC0D-FB81909AC6BB}.Release|Any CPU.ActiveCfg = Release|Any CPU
		{DFC61FAF-7F56-258B-CC0D-FB81909AC6BB}.Release|Any CPU.Build.0 = Release|Any CPU
	EndGlobalSection
	GlobalSection(SolutionProperties) = preSolution
		HideSolutionNode = FALSE
	EndGlobalSection
	GlobalSection(ExtensibilityGlobals) = postSolution
		SolutionGuid = {419A576C-36DE-48AE-AA3F-4AC80FC4D6DD}
	EndGlobalSection
EndGlobal
